
Microsoft Visual Studio Solution File, Format Version 12.00
# Visual Studio 2012
Project("{FAE04EC0-301F-11D3-BF4B-00C04F79EFBC}") = "[Week6_HW2]PickPick", "[Week6_HW2]PickPick\[Week6_HW2]PickPick.csproj", "{6A120BD0-B499-411F-841A-45FD9A09ED31}"
EndProject
Global
	GlobalSection(SolutionConfigurationPlatforms) = preSolution
		Debug|Any CPU = Debug|Any CPU
		Release|Any CPU = Release|Any CPU
	EndGlobalSection
	GlobalSection(ProjectConfigurationPlatforms) = postSolution
		{6A120BD0-B499-411F-841A-45FD9A09ED31}.Debug|Any CPU.ActiveCfg = Debug|Any CPU
		{6A120BD0-B499-411F-841A-45FD9A09ED31}.Debug|Any CPU.Build.0 = Debug|Any CPU
		{6A120BD0-B499-411F-841A-45FD9A09ED31}.Release|Any CPU.ActiveCfg = Release|Any CPU
		{6A120BD0-B499-411F-841A-45FD9A09ED31}.Release|Any CPU.Build.0 = Release|Any CPU
	EndGlobalSection
	GlobalSection(SolutionProperties) = preSolution
		HideSolutionNode = FALSE
	EndGlobalSection
EndGlobal
