
Microsoft Visual Studio Solution File, Format Version 12.00
# Visual Studio 2012
Project("{FAE04EC0-301F-11D3-BF4B-00C04F79EFBC}") = "[Week7_HW1]IP_List", "[Week7_HW1]IP_List\[Week7_HW1]IP_List.csproj", "{64E70C9E-111C-45C5-83ED-F3228C3927CA}"
EndProject
Global
	GlobalSection(SolutionConfigurationPlatforms) = preSolution
		Debug|Any CPU = Debug|Any CPU
		Release|Any CPU = Release|Any CPU
	EndGlobalSection
	GlobalSection(ProjectConfigurationPlatforms) = postSolution
		{64E70C9E-111C-45C5-83ED-F3228C3927CA}.Debug|Any CPU.ActiveCfg = Debug|Any CPU
		{64E70C9E-111C-45C5-83ED-F3228C3927CA}.Debug|Any CPU.Build.0 = Debug|Any CPU
		{64E70C9E-111C-45C5-83ED-F3228C3927CA}.Release|Any CPU.ActiveCfg = Release|Any CPU
		{64E70C9E-111C-45C5-83ED-F3228C3927CA}.Release|Any CPU.Build.0 = Release|Any CPU
	EndGlobalSection
	GlobalSection(SolutionProperties) = preSolution
		HideSolutionNode = FALSE
	EndGlobalSection
EndGlobal
